{
  "name": "github-search-syntax",
  "version": "0.1.0",
  "lockfileVersion": 2,
  "requires": true,
  "packages": {
    "": {
      "name": "github-search-syntax",
      "version": "0.1.0",
      "license": "MIT",
      "dependencies": {
        "chevrotain": "^10.4.1"
      },
      "devDependencies": {
        "typescript": "^4.9.3"
      }
    },
    "node_modules/@chevrotain/cst-dts-gen": {
      "version": "10.4.1",
      "resolved": "https://registry.npmjs.org/@chevrotain/cst-dts-gen/-/cst-dts-gen-10.4.1.tgz",
      "integrity": "sha512-wNDw9Rh6dPJKH275er8nijuDIpTcG2GjQANjnG8RaeGkZ3JN99+u6HRtnjKhjoi4NY9rg+udHChHQSskZtlkPw==",
      "dependencies": {
        "@chevrotain/gast": "10.4.1",
        "@chevrotain/types": "10.4.1",
        "lodash": "4.17.21"
      }
    },
    "node_modules/@chevrotain/gast": {
      "version": "10.4.1",
      "resolved": "https://registry.npmjs.org/@chevrotain/gast/-/gast-10.4.1.tgz",
      "integrity": "sha512-HRv66QVbmC7eb/ppwsPCfNH4oZ/VV+thuMZILm7A7W6Q5M0tqiZv0ecdiB8hydmPO8je0aSrXEOCcaA6fuXc3Q==",
      "dependencies": {
        "@chevrotain/types": "10.4.1",
        "lodash": "4.17.21"
      }
    },
    "node_modules/@chevrotain/types": {
      "version": "10.4.1",
      "resolved": "https://registry.npmjs.org/@chevrotain/types/-/types-10.4.1.tgz",
      "integrity": "sha512-J8iyZNn/RGYWSyNJdGd3QI01gKFUx4mCSM0+vEqmIw9TXFlxj1IsHteXFahtezSHjgMtBTqWn6hb2YxCLjpHVg=="
    },
    "node_modules/@chevrotain/utils": {
      "version": "10.4.1",
      "resolved": "https://registry.npmjs.org/@chevrotain/utils/-/utils-10.4.1.tgz",
      "integrity": "sha512-vPIgzES8QhHMchb5UaQ4V/c9xmoaECN+4EXpuhWE+pu3LXJUUtAwDn/SEKFgtyiRo269Hxv3b0NbPlQfH0jeVA=="
    },
    "node_modules/chevrotain": {
      "version": "10.4.1",
      "resolved": "https://registry.npmjs.org/chevrotain/-/chevrotain-10.4.1.tgz",
      "integrity": "sha512-1y4vnssauVmrrP5MBaJ6DZvsv3BpXLlKVNK5S52fTGQHqg09qxMDBAz0wZbb04Ovc1pBCA4obcCjOlRioIV+cA==",
      "dependencies": {
        "@chevrotain/cst-dts-gen": "10.4.1",
        "@chevrotain/gast": "10.4.1",
        "@chevrotain/types": "10.4.1",
        "@chevrotain/utils": "10.4.1",
        "lodash": "4.17.21",
        "regexp-to-ast": "0.5.0"
      }
    },
    "node_modules/lodash": {
      "version": "4.17.21",
      "resolved": "https://registry.npmjs.org/lodash/-/lodash-4.17.21.tgz",
      "integrity": "sha512-v2kDEe57lecTulaDIuNTPy3Ry4gLGJ6Z1O3vE1krgXZNrsQ+LFTGHVxVjcXPs17LhbZVGedAJv8XZ1tvj5FvSg=="
    },
    "node_modules/regexp-to-ast": {
      "version": "0.5.0",
      "resolved": "https://registry.npmjs.org/regexp-to-ast/-/regexp-to-ast-0.5.0.tgz",
      "integrity": "sha512-tlbJqcMHnPKI9zSrystikWKwHkBqu2a/Sgw01h3zFjvYrMxEDYHzzoMZnUrbIfpTFEsoRnnviOXNCzFiSc54Qw=="
    },
    "node_modules/typescript": {
      "version": "4.9.3",
      "resolved": "https://registry.npmjs.org/typescript/-/typescript-4.9.3.tgz",
      "integrity": "sha512-CIfGzTelbKNEnLpLdGFgdyKhG23CKdKgQPOBc+OUNrkJ2vr+KSzsSV5kq5iWhEQbok+quxgGzrAtGWCyU7tHnA==",
      "dev": true,
      "bin": {
        "tsc": "bin/tsc",
        "tsserver": "bin/tsserver"
      },
      "engines": {
        "node": ">=4.2.0"
      }
    }
  },
  "dependencies": {
    "@chevrotain/cst-dts-gen": {
      "version": "10.4.1",
      "resolved": "https://registry.npmjs.org/@chevrotain/cst-dts-gen/-/cst-dts-gen-10.4.1.tgz",
      "integrity": "sha512-wNDw9Rh6dPJKH275er8nijuDIpTcG2GjQANjnG8RaeGkZ3JN99+u6HRtnjKhjoi4NY9rg+udHChHQSskZtlkPw==",
      "requires": {
        "@chevrotain/gast": "10.4.1",
        "@chevrotain/types": "10.4.1",
        "lodash": "4.17.21"
      }
    },
    "@chevrotain/gast": {
      "version": "10.4.1",
      "resolved": "https://registry.npmjs.org/@chevrotain/gast/-/gast-10.4.1.tgz",
      "integrity": "sha512-HRv66QVbmC7eb/ppwsPCfNH4oZ/VV+thuMZILm7A7W6Q5M0tqiZv0ecdiB8hydmPO8je0aSrXEOCcaA6fuXc3Q==",
      "requires": {
        "@chevrotain/types": "10.4.1",
        "lodash": "4.17.21"
      }
    },
    "@chevrotain/types": {
      "version": "10.4.1",
      "resolved": "https://registry.npmjs.org/@chevrotain/types/-/types-10.4.1.tgz",
      "integrity": "sha512-J8iyZNn/RGYWSyNJdGd3QI01gKFUx4mCSM0+vEqmIw9TXFlxj1IsHteXFahtezSHjgMtBTqWn6hb2YxCLjpHVg=="
    },
    "@chevrotain/utils": {
      "version": "10.4.1",
      "resolved": "https://registry.npmjs.org/@chevrotain/utils/-/utils-10.4.1.tgz",
      "integrity": "sha512-vPIgzES8QhHMchb5UaQ4V/c9xmoaECN+4EXpuhWE+pu3LXJUUtAwDn/SEKFgtyiRo269Hxv3b0NbPlQfH0jeVA=="
    },
    "chevrotain": {
      "version": "10.4.1",
      "resolved": "https://registry.npmjs.org/chevrotain/-/chevrotain-10.4.1.tgz",
      "integrity": "sha512-1y4vnssauVmrrP5MBaJ6DZvsv3BpXLlKVNK5S52fTGQHqg09qxMDBAz0wZbb04Ovc1pBCA4obcCjOlRioIV+cA==",
      "requires": {
        "@chevrotain/cst-dts-gen": "10.4.1",
        "@chevrotain/gast": "10.4.1",
        "@chevrotain/types": "10.4.1",
        "@chevrotain/utils": "10.4.1",
        "lodash": "4.17.21",
        "regexp-to-ast": "0.5.0"
      }
    },
    "lodash": {
      "version": "4.17.21",
      "resolved": "https://registry.npmjs.org/lodash/-/lodash-4.17.21.tgz",
      "integrity": "sha512-v2kDEe57lecTulaDIuNTPy3Ry4gLGJ6Z1O3vE1krgXZNrsQ+LFTGHVxVjcXPs17LhbZVGedAJv8XZ1tvj5FvSg=="
    },
    "regexp-to-ast": {
      "version": "0.5.0",
      "resolved": "https://registry.npmjs.org/regexp-to-ast/-/regexp-to-ast-0.5.0.tgz",
      "integrity": "sha512-tlbJqcMHnPKI9zSrystikWKwHkBqu2a/Sgw01h3zFjvYrMxEDYHzzoMZnUrbIfpTFEsoRnnviOXNCzFiSc54Qw=="
    },
    "typescript": {
      "version": "4.9.3",
      "resolved": "https://registry.npmjs.org/typescript/-/typescript-4.9.3.tgz",
      "integrity": "sha512-CIfGzTelbKNEnLpLdGFgdyKhG23CKdKgQPOBc+OUNrkJ2vr+KSzsSV5kq5iWhEQbok+quxgGzrAtGWCyU7tHnA==",
      "dev": true
    }
  }
}
